
Microsoft Visual Studio Solution File, Format Version 12.00
# Visual Studio 15
VisualStudioVersion = 15.0.28307.902
MinimumVisualStudioVersion = 10.0.40219.1
Project("{FAE04EC0-301F-11D3-BF4B-00C04F79EFBC}") = "AspNetCore2_1.ExampleApiWeb", "AspNetCore2_1.ExampleApiWeb\AspNetCore2_1.ExampleApiWeb.csproj", "{EF9FC101-86F1-462A-AE6F-9F63296C82EE}"
EndProject
Global
	GlobalSection(SolutionConfigurationPlatforms) = preSolution
		Debug|Any CPU = Debug|Any CPU
		Release|Any CPU = Release|Any CPU
	EndGlobalSection
	GlobalSection(ProjectConfigurationPlatforms) = postSolution
		{EF9FC101-86F1-462A-AE6F-9F63296C82EE}.Debug|Any CPU.ActiveCfg = Debug|Any CPU
		{EF9FC101-86F1-462A-AE6F-9F63296C82EE}.Debug|Any CPU.Build.0 = Debug|Any CPU
		{EF9FC101-86F1-462A-AE6F-9F63296C82EE}.Release|Any CPU.ActiveCfg = Release|Any CPU
		{EF9FC101-86F1-462A-AE6F-9F63296C82EE}.Release|Any CPU.Build.0 = Release|Any CPU
	EndGlobalSection
	GlobalSection(SolutionProperties) = preSolution
		HideSolutionNode = FALSE
	EndGlobalSection
	GlobalSection(ExtensibilityGlobals) = postSolution
		SolutionGuid = {887C447A-8F63-4720-9ED5-D70ADC3331A3}
	EndGlobalSection
EndGlobal
