
Microsoft Visual Studio Solution File, Format Version 12.00
# Visual Studio Version 16
VisualStudioVersion = 16.0.29418.71
MinimumVisualStudioVersion = 10.0.40219.1
Project("{FAE04EC0-301F-11D3-BF4B-00C04F79EFBC}") = "AspNetCore3.ExampleMvcWebApplication", "AspNetCore3.ExampleMvcWebApplication\AspNetCore3.ExampleMvcWebApplication.csproj", "{533BA592-E211-4524-9EC2-4BE3304750A9}"
EndProject
Global
	GlobalSection(SolutionConfigurationPlatforms) = preSolution
		Debug|Any CPU = Debug|Any CPU
		Release|Any CPU = Release|Any CPU
	EndGlobalSection
	GlobalSection(ProjectConfigurationPlatforms) = postSolution
		{533BA592-E211-4524-9EC2-4BE3304750A9}.Debug|Any CPU.ActiveCfg = Debug|Any CPU
		{533BA592-E211-4524-9EC2-4BE3304750A9}.Debug|Any CPU.Build.0 = Debug|Any CPU
		{533BA592-E211-4524-9EC2-4BE3304750A9}.Release|Any CPU.ActiveCfg = Release|Any CPU
		{533BA592-E211-4524-9EC2-4BE3304750A9}.Release|Any CPU.Build.0 = Release|Any CPU
	EndGlobalSection
	GlobalSection(SolutionProperties) = preSolution
		HideSolutionNode = FALSE
	EndGlobalSection
	GlobalSection(ExtensibilityGlobals) = postSolution
		SolutionGuid = {7AD03B6B-D20E-4510-A77D-1C1841254BE8}
	EndGlobalSection
EndGlobal
