
Microsoft Visual Studio Solution File, Format Version 12.00
# Visual Studio 14
VisualStudioVersion = 14.0.25420.1
MinimumVisualStudioVersion = 10.0.40219.1
Project("{2150E333-8FDC-42A3-9474-1A3956D46DE8}") = "src", "src", "{E3B33C1B-4F57-4A9C-9960-ABAE94E17DF9}"
EndProject
Project("{2150E333-8FDC-42A3-9474-1A3956D46DE8}") = "Solution Items", "Solution Items", "{DAC0DF62-C832-4881-BEE4-F6AB6FD0F940}"
	ProjectSection(SolutionItems) = preProject
		global.json = global.json
	EndProjectSection
EndProject
Project("{8BB2217D-0F2D-49D1-97BC-3654ED321F3B}") = "AspNetCore1_1.ExampleWebApplication", "src\AspNetCore1_1.ExampleWebApplication\AspNetCore1_1.ExampleWebApplication.xproj", "{5DFF62AF-F053-421A-AC40-572A58DC3D58}"
EndProject
Global
	GlobalSection(SolutionConfigurationPlatforms) = preSolution
		Debug|Any CPU = Debug|Any CPU
		Release|Any CPU = Release|Any CPU
	EndGlobalSection
	GlobalSection(ProjectConfigurationPlatforms) = postSolution
		{5DFF62AF-F053-421A-AC40-572A58DC3D58}.Debug|Any CPU.ActiveCfg = Debug|Any CPU
		{5DFF62AF-F053-421A-AC40-572A58DC3D58}.Debug|Any CPU.Build.0 = Debug|Any CPU
		{5DFF62AF-F053-421A-AC40-572A58DC3D58}.Release|Any CPU.ActiveCfg = Release|Any CPU
		{5DFF62AF-F053-421A-AC40-572A58DC3D58}.Release|Any CPU.Build.0 = Release|Any CPU
	EndGlobalSection
	GlobalSection(SolutionProperties) = preSolution
		HideSolutionNode = FALSE
	EndGlobalSection
	GlobalSection(NestedProjects) = preSolution
		{5DFF62AF-F053-421A-AC40-572A58DC3D58} = {E3B33C1B-4F57-4A9C-9960-ABAE94E17DF9}
	EndGlobalSection
EndGlobal
