
Microsoft Visual Studio Solution File, Format Version 12.00
# Visual Studio Version 16
VisualStudioVersion = 16.0.29418.71
MinimumVisualStudioVersion = 10.0.40219.1
Project("{FAE04EC0-301F-11D3-BF4B-00C04F79EFBC}") = "AspNetCore3.ExampleReactReduxWeb", "AspNetCore3.ExampleReactReduxWeb\AspNetCore3.ExampleReactReduxWeb.csproj", "{0AADB2E2-D517-41EF-A269-CFA01D2BE0FE}"
EndProject
Global
	GlobalSection(SolutionConfigurationPlatforms) = preSolution
		Debug|Any CPU = Debug|Any CPU
		Release|Any CPU = Release|Any CPU
	EndGlobalSection
	GlobalSection(ProjectConfigurationPlatforms) = postSolution
		{0AADB2E2-D517-41EF-A269-CFA01D2BE0FE}.Debug|Any CPU.ActiveCfg = Debug|Any CPU
		{0AADB2E2-D517-41EF-A269-CFA01D2BE0FE}.Debug|Any CPU.Build.0 = Debug|Any CPU
		{0AADB2E2-D517-41EF-A269-CFA01D2BE0FE}.Release|Any CPU.ActiveCfg = Release|Any CPU
		{0AADB2E2-D517-41EF-A269-CFA01D2BE0FE}.Release|Any CPU.Build.0 = Release|Any CPU
	EndGlobalSection
	GlobalSection(SolutionProperties) = preSolution
		HideSolutionNode = FALSE
	EndGlobalSection
	GlobalSection(ExtensibilityGlobals) = postSolution
		SolutionGuid = {7EBA066D-2004-4F91-A6E7-6D735C30D1B8}
	EndGlobalSection
EndGlobal
