
Microsoft Visual Studio Solution File, Format Version 12.00
# Visual Studio Version 16
VisualStudioVersion = 16.0.29418.71
MinimumVisualStudioVersion = 10.0.40219.1
Project("{FAE04EC0-301F-11D3-BF4B-00C04F79EFBC}") = "AspNetCore3.ExampleReactWeb", "AspNetCore3.ExampleReactWeb\AspNetCore3.ExampleReactWeb.csproj", "{B096EBBF-51EC-4803-BBE0-F3B6728FF640}"
EndProject
Global
	GlobalSection(SolutionConfigurationPlatforms) = preSolution
		Debug|Any CPU = Debug|Any CPU
		Release|Any CPU = Release|Any CPU
	EndGlobalSection
	GlobalSection(ProjectConfigurationPlatforms) = postSolution
		{B096EBBF-51EC-4803-BBE0-F3B6728FF640}.Debug|Any CPU.ActiveCfg = Debug|Any CPU
		{B096EBBF-51EC-4803-BBE0-F3B6728FF640}.Debug|Any CPU.Build.0 = Debug|Any CPU
		{B096EBBF-51EC-4803-BBE0-F3B6728FF640}.Release|Any CPU.ActiveCfg = Release|Any CPU
		{B096EBBF-51EC-4803-BBE0-F3B6728FF640}.Release|Any CPU.Build.0 = Release|Any CPU
	EndGlobalSection
	GlobalSection(SolutionProperties) = preSolution
		HideSolutionNode = FALSE
	EndGlobalSection
	GlobalSection(ExtensibilityGlobals) = postSolution
		SolutionGuid = {FC005FB9-CD1A-44CD-BB5F-5B24FFAA9D1C}
	EndGlobalSection
EndGlobal
